
Microsoft Visual Studio Solution File, Format Version 12.00
# Visual Studio 14
VisualStudioVersion = 14.0.25123.0
MinimumVisualStudioVersion = 10.0.40219.1
Project("{FAE04EC0-301F-11D3-BF4B-00C04F79EFBC}") = "GitLib", "Gitlib\GitLib.csproj", "{0B5302C0-FC4A-4FAE-B078-9853377AFE30}"
EndProject
Project("{FAE04EC0-301F-11D3-BF4B-00C04F79EFBC}") = "GitLib.Tests", "Gitlib.Tests\GitLib.Tests.csproj", "{BD48CBD9-7D83-49FD-B9D7-0639265E2D77}"
EndProject
Project("{FAE04EC0-301F-11D3-BF4B-00C04F79EFBC}") = "GitUI.Droid", "GitUI\GitUI.Droid\GitUI.Droid.csproj", "{BFB5A670-8F18-472A-9A0B-C1416434F69D}"
EndProject
Project("{FAE04EC0-301F-11D3-BF4B-00C04F79EFBC}") = "GitUI.iOS", "GitUI\GitUI.iOS\GitUI.iOS.csproj", "{698365B0-D1C7-40F8-8270-B6FDB4D17472}"
EndProject
Project("{D954291E-2A0B-460D-934E-DC6B0785DB48}") = "GitUI", "GitUI\GitUI\GitUI.shproj", "{EF70A75E-626F-4F17-9D4C-13DDB1ADF543}"
EndProject
Global
	GlobalSection(SharedMSBuildProjectFiles) = preSolution
		GitUI\GitUI\GitUI.projitems*{ef70a75e-626f-4f17-9d4c-13ddb1adf543}*SharedItemsImports = 13
		GitUI\GitUI\GitUI.projitems*{bfb5a670-8f18-472a-9a0b-c1416434f69d}*SharedItemsImports = 4
		GitUI\GitUI\GitUI.projitems*{698365b0-d1c7-40f8-8270-b6fdb4d17472}*SharedItemsImports = 4
	EndGlobalSection
	GlobalSection(SolutionConfigurationPlatforms) = preSolution
		Ad-Hoc|Any CPU = Ad-Hoc|Any CPU
		Ad-Hoc|ARM = Ad-Hoc|ARM
		Ad-Hoc|iPhone = Ad-Hoc|iPhone
		Ad-Hoc|iPhoneSimulator = Ad-Hoc|iPhoneSimulator
		Ad-Hoc|x64 = Ad-Hoc|x64
		Ad-Hoc|x86 = Ad-Hoc|x86
		AppStore|Any CPU = AppStore|Any CPU
		AppStore|ARM = AppStore|ARM
		AppStore|iPhone = AppStore|iPhone
		AppStore|iPhoneSimulator = AppStore|iPhoneSimulator
		AppStore|x64 = AppStore|x64
		AppStore|x86 = AppStore|x86
		Debug|Any CPU = Debug|Any CPU
		Debug|ARM = Debug|ARM
		Debug|iPhone = Debug|iPhone
		Debug|iPhoneSimulator = Debug|iPhoneSimulator
		Debug|x64 = Debug|x64
		Debug|x86 = Debug|x86
		Release|Any CPU = Release|Any CPU
		Release|ARM = Release|ARM
		Release|iPhone = Release|iPhone
		Release|iPhoneSimulator = Release|iPhoneSimulator
		Release|x64 = Release|x64
		Release|x86 = Release|x86
	EndGlobalSection
	GlobalSection(ProjectConfigurationPlatforms) = postSolution
		{0B5302C0-FC4A-4FAE-B078-9853377AFE30}.Ad-Hoc|Any CPU.ActiveCfg = Release|Any CPU
		{0B5302C0-FC4A-4FAE-B078-9853377AFE30}.Ad-Hoc|Any CPU.Build.0 = Release|Any CPU
		{0B5302C0-FC4A-4FAE-B078-9853377AFE30}.Ad-Hoc|ARM.ActiveCfg = Release|Any CPU
		{0B5302C0-FC4A-4FAE-B078-9853377AFE30}.Ad-Hoc|ARM.Build.0 = Release|Any CPU
		{0B5302C0-FC4A-4FAE-B078-9853377AFE30}.Ad-Hoc|iPhone.ActiveCfg = Release|Any CPU
		{0B5302C0-FC4A-4FAE-B078-9853377AFE30}.Ad-Hoc|iPhone.Build.0 = Release|Any CPU
		{0B5302C0-FC4A-4FAE-B078-9853377AFE30}.Ad-Hoc|iPhoneSimulator.ActiveCfg = Release|Any CPU
		{0B5302C0-FC4A-4FAE-B078-9853377AFE30}.Ad-Hoc|iPhoneSimulator.Build.0 = Release|Any CPU
		{0B5302C0-FC4A-4FAE-B078-9853377AFE30}.Ad-Hoc|x64.ActiveCfg = Release|Any CPU
		{0B5302C0-FC4A-4FAE-B078-9853377AFE30}.Ad-Hoc|x64.Build.0 = Release|Any CPU
		{0B5302C0-FC4A-4FAE-B078-9853377AFE30}.Ad-Hoc|x86.ActiveCfg = Release|Any CPU
		{0B5302C0-FC4A-4FAE-B078-9853377AFE30}.Ad-Hoc|x86.Build.0 = Release|Any CPU
		{0B5302C0-FC4A-4FAE-B078-9853377AFE30}.AppStore|Any CPU.ActiveCfg = Release|Any CPU
		{0B5302C0-FC4A-4FAE-B078-9853377AFE30}.AppStore|Any CPU.Build.0 = Release|Any CPU
		{0B5302C0-FC4A-4FAE-B078-9853377AFE30}.AppStore|ARM.ActiveCfg = Release|Any CPU
		{0B5302C0-FC4A-4FAE-B078-9853377AFE30}.AppStore|ARM.Build.0 = Release|Any CPU
		{0B5302C0-FC4A-4FAE-B078-9853377AFE30}.AppStore|iPhone.ActiveCfg = Release|Any CPU
		{0B5302C0-FC4A-4FAE-B078-9853377AFE30}.AppStore|iPhone.Build.0 = Release|Any CPU
		{0B5302C0-FC4A-4FAE-B078-9853377AFE30}.AppStore|iPhoneSimulator.ActiveCfg = Release|Any CPU
		{0B5302C0-FC4A-4FAE-B078-9853377AFE30}.AppStore|iPhoneSimulator.Build.0 = Release|Any CPU
		{0B5302C0-FC4A-4FAE-B078-9853377AFE30}.AppStore|x64.ActiveCfg = Release|Any CPU
		{0B5302C0-FC4A-4FAE-B078-9853377AFE30}.AppStore|x64.Build.0 = Release|Any CPU
		{0B5302C0-FC4A-4FAE-B078-9853377AFE30}.AppStore|x86.ActiveCfg = Release|Any CPU
		{0B5302C0-FC4A-4FAE-B078-9853377AFE30}.AppStore|x86.Build.0 = Release|Any CPU
		{0B5302C0-FC4A-4FAE-B078-9853377AFE30}.Debug|Any CPU.ActiveCfg = Debug|Any CPU
		{0B5302C0-FC4A-4FAE-B078-9853377AFE30}.Debug|Any CPU.Build.0 = Debug|Any CPU
		{0B5302C0-FC4A-4FAE-B078-9853377AFE30}.Debug|ARM.ActiveCfg = Debug|Any CPU
		{0B5302C0-FC4A-4FAE-B078-9853377AFE30}.Debug|ARM.Build.0 = Debug|Any CPU
		{0B5302C0-FC4A-4FAE-B078-9853377AFE30}.Debug|iPhone.ActiveCfg = Debug|Any CPU
		{0B5302C0-FC4A-4FAE-B078-9853377AFE30}.Debug|iPhone.Build.0 = Debug|Any CPU
		{0B5302C0-FC4A-4FAE-B078-9853377AFE30}.Debug|iPhoneSimulator.ActiveCfg = Debug|Any CPU
		{0B5302C0-FC4A-4FAE-B078-9853377AFE30}.Debug|iPhoneSimulator.Build.0 = Debug|Any CPU
		{0B5302C0-FC4A-4FAE-B078-9853377AFE30}.Debug|x64.ActiveCfg = Debug|Any CPU
		{0B5302C0-FC4A-4FAE-B078-9853377AFE30}.Debug|x64.Build.0 = Debug|Any CPU
		{0B5302C0-FC4A-4FAE-B078-9853377AFE30}.Debug|x86.ActiveCfg = Debug|Any CPU
		{0B5302C0-FC4A-4FAE-B078-9853377AFE30}.Debug|x86.Build.0 = Debug|Any CPU
		{0B5302C0-FC4A-4FAE-B078-9853377AFE30}.Release|Any CPU.ActiveCfg = Release|Any CPU
		{0B5302C0-FC4A-4FAE-B078-9853377AFE30}.Release|Any CPU.Build.0 = Release|Any CPU
		{0B5302C0-FC4A-4FAE-B078-9853377AFE30}.Release|ARM.ActiveCfg = Release|Any CPU
		{0B5302C0-FC4A-4FAE-B078-9853377AFE30}.Release|ARM.Build.0 = Release|Any CPU
		{0B5302C0-FC4A-4FAE-B078-9853377AFE30}.Release|iPhone.ActiveCfg = Release|Any CPU
		{0B5302C0-FC4A-4FAE-B078-9853377AFE30}.Release|iPhone.Build.0 = Release|Any CPU
		{0B5302C0-FC4A-4FAE-B078-9853377AFE30}.Release|iPhoneSimulator.ActiveCfg = Release|Any CPU
		{0B5302C0-FC4A-4FAE-B078-9853377AFE30}.Release|iPhoneSimulator.Build.0 = Release|Any CPU
		{0B5302C0-FC4A-4FAE-B078-9853377AFE30}.Release|x64.ActiveCfg = Release|Any CPU
		{0B5302C0-FC4A-4FAE-B078-9853377AFE30}.Release|x64.Build.0 = Release|Any CPU
		{0B5302C0-FC4A-4FAE-B078-9853377AFE30}.Release|x86.ActiveCfg = Release|Any CPU
		{0B5302C0-FC4A-4FAE-B078-9853377AFE30}.Release|x86.Build.0 = Release|Any CPU
		{BD48CBD9-7D83-49FD-B9D7-0639265E2D77}.Ad-Hoc|Any CPU.ActiveCfg = Release|Any CPU
		{BD48CBD9-7D83-49FD-B9D7-0639265E2D77}.Ad-Hoc|Any CPU.Build.0 = Release|Any CPU
		{BD48CBD9-7D83-49FD-B9D7-0639265E2D77}.Ad-Hoc|ARM.ActiveCfg = Release|Any CPU
		{BD48CBD9-7D83-49FD-B9D7-0639265E2D77}.Ad-Hoc|ARM.Build.0 = Release|Any CPU
		{BD48CBD9-7D83-49FD-B9D7-0639265E2D77}.Ad-Hoc|iPhone.ActiveCfg = Release|Any CPU
		{BD48CBD9-7D83-49FD-B9D7-0639265E2D77}.Ad-Hoc|iPhone.Build.0 = Release|Any CPU
		{BD48CBD9-7D83-49FD-B9D7-0639265E2D77}.Ad-Hoc|iPhoneSimulator.ActiveCfg = Release|Any CPU
		{BD48CBD9-7D83-49FD-B9D7-0639265E2D77}.Ad-Hoc|iPhoneSimulator.Build.0 = Release|Any CPU
		{BD48CBD9-7D83-49FD-B9D7-0639265E2D77}.Ad-Hoc|x64.ActiveCfg = Release|Any CPU
		{BD48CBD9-7D83-49FD-B9D7-0639265E2D77}.Ad-Hoc|x64.Build.0 = Release|Any CPU
		{BD48CBD9-7D83-49FD-B9D7-0639265E2D77}.Ad-Hoc|x86.ActiveCfg = Release|Any CPU
		{BD48CBD9-7D83-49FD-B9D7-0639265E2D77}.Ad-Hoc|x86.Build.0 = Release|Any CPU
		{BD48CBD9-7D83-49FD-B9D7-0639265E2D77}.AppStore|Any CPU.ActiveCfg = Release|Any CPU
		{BD48CBD9-7D83-49FD-B9D7-0639265E2D77}.AppStore|Any CPU.Build.0 = Release|Any CPU
		{BD48CBD9-7D83-49FD-B9D7-0639265E2D77}.AppStore|ARM.ActiveCfg = Release|Any CPU
		{BD48CBD9-7D83-49FD-B9D7-0639265E2D77}.AppStore|ARM.Build.0 = Release|Any CPU
		{BD48CBD9-7D83-49FD-B9D7-0639265E2D77}.AppStore|iPhone.ActiveCfg = Release|Any CPU
		{BD48CBD9-7D83-49FD-B9D7-0639265E2D77}.AppStore|iPhone.Build.0 = Release|Any CPU
		{BD48CBD9-7D83-49FD-B9D7-0639265E2D77}.AppStore|iPhoneSimulator.ActiveCfg = Release|Any CPU
		{BD48CBD9-7D83-49FD-B9D7-0639265E2D77}.AppStore|iPhoneSimulator.Build.0 = Release|Any CPU
		{BD48CBD9-7D83-49FD-B9D7-0639265E2D77}.AppStore|x64.ActiveCfg = Release|Any CPU
		{BD48CBD9-7D83-49FD-B9D7-0639265E2D77}.AppStore|x64.Build.0 = Release|Any CPU
		{BD48CBD9-7D83-49FD-B9D7-0639265E2D77}.AppStore|x86.ActiveCfg = Release|Any CPU
		{BD48CBD9-7D83-49FD-B9D7-0639265E2D77}.AppStore|x86.Build.0 = Release|Any CPU
		{BD48CBD9-7D83-49FD-B9D7-0639265E2D77}.Debug|Any CPU.ActiveCfg = Debug|Any CPU
		{BD48CBD9-7D83-49FD-B9D7-0639265E2D77}.Debug|Any CPU.Build.0 = Debug|Any CPU
		{BD48CBD9-7D83-49FD-B9D7-0639265E2D77}.Debug|ARM.ActiveCfg = Debug|Any CPU
		{BD48CBD9-7D83-49FD-B9D7-0639265E2D77}.Debug|ARM.Build.0 = Debug|Any CPU
		{BD48CBD9-7D83-49FD-B9D7-0639265E2D77}.Debug|iPhone.ActiveCfg = Debug|Any CPU
		{BD48CBD9-7D83-49FD-B9D7-0639265E2D77}.Debug|iPhone.Build.0 = Debug|Any CPU
		{BD48CBD9-7D83-49FD-B9D7-0639265E2D77}.Debug|iPhoneSimulator.ActiveCfg = Debug|Any CPU
		{BD48CBD9-7D83-49FD-B9D7-0639265E2D77}.Debug|iPhoneSimulator.Build.0 = Debug|Any CPU
		{BD48CBD9-7D83-49FD-B9D7-0639265E2D77}.Debug|x64.ActiveCfg = Debug|Any CPU
		{BD48CBD9-7D83-49FD-B9D7-0639265E2D77}.Debug|x64.Build.0 = Debug|Any CPU
		{BD48CBD9-7D83-49FD-B9D7-0639265E2D77}.Debug|x86.ActiveCfg = Debug|Any CPU
		{BD48CBD9-7D83-49FD-B9D7-0639265E2D77}.Debug|x86.Build.0 = Debug|Any CPU
		{BD48CBD9-7D83-49FD-B9D7-0639265E2D77}.Release|Any CPU.ActiveCfg = Release|Any CPU
		{BD48CBD9-7D83-49FD-B9D7-0639265E2D77}.Release|Any CPU.Build.0 = Release|Any CPU
		{BD48CBD9-7D83-49FD-B9D7-0639265E2D77}.Release|ARM.ActiveCfg = Release|Any CPU
		{BD48CBD9-7D83-49FD-B9D7-0639265E2D77}.Release|ARM.Build.0 = Release|Any CPU
		{BD48CBD9-7D83-49FD-B9D7-0639265E2D77}.Release|iPhone.ActiveCfg = Release|Any CPU
		{BD48CBD9-7D83-49FD-B9D7-0639265E2D77}.Release|iPhone.Build.0 = Release|Any CPU
		{BD48CBD9-7D83-49FD-B9D7-0639265E2D77}.Release|iPhoneSimulator.ActiveCfg = Release|Any CPU
		{BD48CBD9-7D83-49FD-B9D7-0639265E2D77}.Release|iPhoneSimulator.Build.0 = Release|Any CPU
		{BD48CBD9-7D83-49FD-B9D7-0639265E2D77}.Release|x64.ActiveCfg = Release|Any CPU
		{BD48CBD9-7D83-49FD-B9D7-0639265E2D77}.Release|x64.Build.0 = Release|Any CPU
		{BD48CBD9-7D83-49FD-B9D7-0639265E2D77}.Release|x86.ActiveCfg = Release|Any CPU
		{BD48CBD9-7D83-49FD-B9D7-0639265E2D77}.Release|x86.Build.0 = Release|Any CPU
		{BFB5A670-8F18-472A-9A0B-C1416434F69D}.Ad-Hoc|Any CPU.ActiveCfg = Release|Any CPU
		{BFB5A670-8F18-472A-9A0B-C1416434F69D}.Ad-Hoc|Any CPU.Build.0 = Release|Any CPU
		{BFB5A670-8F18-472A-9A0B-C1416434F69D}.Ad-Hoc|Any CPU.Deploy.0 = Release|Any CPU
		{BFB5A670-8F18-472A-9A0B-C1416434F69D}.Ad-Hoc|ARM.ActiveCfg = Release|Any CPU
		{BFB5A670-8F18-472A-9A0B-C1416434F69D}.Ad-Hoc|ARM.Build.0 = Release|Any CPU
		{BFB5A670-8F18-472A-9A0B-C1416434F69D}.Ad-Hoc|ARM.Deploy.0 = Release|Any CPU
		{BFB5A670-8F18-472A-9A0B-C1416434F69D}.Ad-Hoc|iPhone.ActiveCfg = Release|Any CPU
		{BFB5A670-8F18-472A-9A0B-C1416434F69D}.Ad-Hoc|iPhone.Build.0 = Release|Any CPU
		{BFB5A670-8F18-472A-9A0B-C1416434F69D}.Ad-Hoc|iPhone.Deploy.0 = Release|Any CPU
		{BFB5A670-8F18-472A-9A0B-C1416434F69D}.Ad-Hoc|iPhoneSimulator.ActiveCfg = Release|Any CPU
		{BFB5A670-8F18-472A-9A0B-C1416434F69D}.Ad-Hoc|iPhoneSimulator.Build.0 = Release|Any CPU
		{BFB5A670-8F18-472A-9A0B-C1416434F69D}.Ad-Hoc|iPhoneSimulator.Deploy.0 = Release|Any CPU
		{BFB5A670-8F18-472A-9A0B-C1416434F69D}.Ad-Hoc|x64.ActiveCfg = Release|Any CPU
		{BFB5A670-8F18-472A-9A0B-C1416434F69D}.Ad-Hoc|x64.Build.0 = Release|Any CPU
		{BFB5A670-8F18-472A-9A0B-C1416434F69D}.Ad-Hoc|x64.Deploy.0 = Release|Any CPU
		{BFB5A670-8F18-472A-9A0B-C1416434F69D}.Ad-Hoc|x86.ActiveCfg = Release|Any CPU
		{BFB5A670-8F18-472A-9A0B-C1416434F69D}.Ad-Hoc|x86.Build.0 = Release|Any CPU
		{BFB5A670-8F18-472A-9A0B-C1416434F69D}.Ad-Hoc|x86.Deploy.0 = Release|Any CPU
		{BFB5A670-8F18-472A-9A0B-C1416434F69D}.AppStore|Any CPU.ActiveCfg = Release|Any CPU
		{BFB5A670-8F18-472A-9A0B-C1416434F69D}.AppStore|Any CPU.Build.0 = Release|Any CPU
		{BFB5A670-8F18-472A-9A0B-C1416434F69D}.AppStore|Any CPU.Deploy.0 = Release|Any CPU
		{BFB5A670-8F18-472A-9A0B-C1416434F69D}.AppStore|ARM.ActiveCfg = Release|Any CPU
		{BFB5A670-8F18-472A-9A0B-C1416434F69D}.AppStore|ARM.Build.0 = Release|Any CPU
		{BFB5A670-8F18-472A-9A0B-C1416434F69D}.AppStore|ARM.Deploy.0 = Release|Any CPU
		{BFB5A670-8F18-472A-9A0B-C1416434F69D}.AppStore|iPhone.ActiveCfg = Release|Any CPU
		{BFB5A670-8F18-472A-9A0B-C1416434F69D}.AppStore|iPhone.Build.0 = Release|Any CPU
		{BFB5A670-8F18-472A-9A0B-C1416434F69D}.AppStore|iPhone.Deploy.0 = Release|Any CPU
		{BFB5A670-8F18-472A-9A0B-C1416434F69D}.AppStore|iPhoneSimulator.ActiveCfg = Release|Any CPU
		{BFB5A670-8F18-472A-9A0B-C1416434F69D}.AppStore|iPhoneSimulator.Build.0 = Release|Any CPU
		{BFB5A670-8F18-472A-9A0B-C1416434F69D}.AppStore|iPhoneSimulator.Deploy.0 = Release|Any CPU
		{BFB5A670-8F18-472A-9A0B-C1416434F69D}.AppStore|x64.ActiveCfg = Release|Any CPU
		{BFB5A670-8F18-472A-9A0B-C1416434F69D}.AppStore|x64.Build.0 = Release|Any CPU
		{BFB5A670-8F18-472A-9A0B-C1416434F69D}.AppStore|x64.Deploy.0 = Release|Any CPU
		{BFB5A670-8F18-472A-9A0B-C1416434F69D}.AppStore|x86.ActiveCfg = Release|Any CPU
		{BFB5A670-8F18-472A-9A0B-C1416434F69D}.AppStore|x86.Build.0 = Release|Any CPU
		{BFB5A670-8F18-472A-9A0B-C1416434F69D}.AppStore|x86.Deploy.0 = Release|Any CPU
		{BFB5A670-8F18-472A-9A0B-C1416434F69D}.Debug|Any CPU.ActiveCfg = Debug|Any CPU
		{BFB5A670-8F18-472A-9A0B-C1416434F69D}.Debug|Any CPU.Build.0 = Debug|Any CPU
		{BFB5A670-8F18-472A-9A0B-C1416434F69D}.Debug|Any CPU.Deploy.0 = Debug|Any CPU
		{BFB5A670-8F18-472A-9A0B-C1416434F69D}.Debug|ARM.ActiveCfg = Debug|Any CPU
		{BFB5A670-8F18-472A-9A0B-C1416434F69D}.Debug|ARM.Build.0 = Debug|Any CPU
		{BFB5A670-8F18-472A-9A0B-C1416434F69D}.Debug|ARM.Deploy.0 = Debug|Any CPU
		{BFB5A670-8F18-472A-9A0B-C1416434F69D}.Debug|iPhone.ActiveCfg = Debug|Any CPU
		{BFB5A670-8F18-472A-9A0B-C1416434F69D}.Debug|iPhone.Build.0 = Debug|Any CPU
		{BFB5A670-8F18-472A-9A0B-C1416434F69D}.Debug|iPhone.Deploy.0 = Debug|Any CPU
		{BFB5A670-8F18-472A-9A0B-C1416434F69D}.Debug|iPhoneSimulator.ActiveCfg = Debug|Any CPU
		{BFB5A670-8F18-472A-9A0B-C1416434F69D}.Debug|iPhoneSimulator.Build.0 = Debug|Any CPU
		{BFB5A670-8F18-472A-9A0B-C1416434F69D}.Debug|iPhoneSimulator.Deploy.0 = Debug|Any CPU
		{BFB5A670-8F18-472A-9A0B-C1416434F69D}.Debug|x64.ActiveCfg = Debug|Any CPU
		{BFB5A670-8F18-472A-9A0B-C1416434F69D}.Debug|x64.Build.0 = Debug|Any CPU
		{BFB5A670-8F18-472A-9A0B-C1416434F69D}.Debug|x64.Deploy.0 = Debug|Any CPU
		{BFB5A670-8F18-472A-9A0B-C1416434F69D}.Debug|x86.ActiveCfg = Debug|Any CPU
		{BFB5A670-8F18-472A-9A0B-C1416434F69D}.Debug|x86.Build.0 = Debug|Any CPU
		{BFB5A670-8F18-472A-9A0B-C1416434F69D}.Debug|x86.Deploy.0 = Debug|Any CPU
		{BFB5A670-8F18-472A-9A0B-C1416434F69D}.Release|Any CPU.ActiveCfg = Release|Any CPU
		{BFB5A670-8F18-472A-9A0B-C1416434F69D}.Release|Any CPU.Build.0 = Release|Any CPU
		{BFB5A670-8F18-472A-9A0B-C1416434F69D}.Release|Any CPU.Deploy.0 = Release|Any CPU
		{BFB5A670-8F18-472A-9A0B-C1416434F69D}.Release|ARM.ActiveCfg = Release|Any CPU
		{BFB5A670-8F18-472A-9A0B-C1416434F69D}.Release|ARM.Build.0 = Release|Any CPU
		{BFB5A670-8F18-472A-9A0B-C1416434F69D}.Release|ARM.Deploy.0 = Release|Any CPU
		{BFB5A670-8F18-472A-9A0B-C1416434F69D}.Release|iPhone.ActiveCfg = Release|Any CPU
		{BFB5A670-8F18-472A-9A0B-C1416434F69D}.Release|iPhone.Build.0 = Release|Any CPU
		{BFB5A670-8F18-472A-9A0B-C1416434F69D}.Release|iPhone.Deploy.0 = Release|Any CPU
		{BFB5A670-8F18-472A-9A0B-C1416434F69D}.Release|iPhoneSimulator.ActiveCfg = Release|Any CPU
		{BFB5A670-8F18-472A-9A0B-C1416434F69D}.Release|iPhoneSimulator.Build.0 = Release|Any CPU
		{BFB5A670-8F18-472A-9A0B-C1416434F69D}.Release|iPhoneSimulator.Deploy.0 = Release|Any CPU
		{BFB5A670-8F18-472A-9A0B-C1416434F69D}.Release|x64.ActiveCfg = Release|Any CPU
		{BFB5A670-8F18-472A-9A0B-C1416434F69D}.Release|x64.Build.0 = Release|Any CPU
		{BFB5A670-8F18-472A-9A0B-C1416434F69D}.Release|x64.Deploy.0 = Release|Any CPU
		{BFB5A670-8F18-472A-9A0B-C1416434F69D}.Release|x86.ActiveCfg = Release|Any CPU
		{BFB5A670-8F18-472A-9A0B-C1416434F69D}.Release|x86.Build.0 = Release|Any CPU
		{BFB5A670-8F18-472A-9A0B-C1416434F69D}.Release|x86.Deploy.0 = Release|Any CPU
		{698365B0-D1C7-40F8-8270-B6FDB4D17472}.Ad-Hoc|Any CPU.ActiveCfg = Ad-Hoc|iPhone
		{698365B0-D1C7-40F8-8270-B6FDB4D17472}.Ad-Hoc|ARM.ActiveCfg = Ad-Hoc|iPhone
		{698365B0-D1C7-40F8-8270-B6FDB4D17472}.Ad-Hoc|iPhone.ActiveCfg = Ad-Hoc|iPhone
		{698365B0-D1C7-40F8-8270-B6FDB4D17472}.Ad-Hoc|iPhone.Build.0 = Ad-Hoc|iPhone
		{698365B0-D1C7-40F8-8270-B6FDB4D17472}.Ad-Hoc|iPhoneSimulator.ActiveCfg = Ad-Hoc|iPhoneSimulator
		{698365B0-D1C7-40F8-8270-B6FDB4D17472}.Ad-Hoc|iPhoneSimulator.Build.0 = Ad-Hoc|iPhoneSimulator
		{698365B0-D1C7-40F8-8270-B6FDB4D17472}.Ad-Hoc|x64.ActiveCfg = Ad-Hoc|iPhone
		{698365B0-D1C7-40F8-8270-B6FDB4D17472}.Ad-Hoc|x86.ActiveCfg = Ad-Hoc|iPhone
		{698365B0-D1C7-40F8-8270-B6FDB4D17472}.AppStore|Any CPU.ActiveCfg = AppStore|iPhone
		{698365B0-D1C7-40F8-8270-B6FDB4D17472}.AppStore|ARM.ActiveCfg = AppStore|iPhone
		{698365B0-D1C7-40F8-8270-B6FDB4D17472}.AppStore|iPhone.ActiveCfg = AppStore|iPhone
		{698365B0-D1C7-40F8-8270-B6FDB4D17472}.AppStore|iPhone.Build.0 = AppStore|iPhone
		{698365B0-D1C7-40F8-8270-B6FDB4D17472}.AppStore|iPhoneSimulator.ActiveCfg = AppStore|iPhoneSimulator
		{698365B0-D1C7-40F8-8270-B6FDB4D17472}.AppStore|iPhoneSimulator.Build.0 = AppStore|iPhoneSimulator
		{698365B0-D1C7-40F8-8270-B6FDB4D17472}.AppStore|x64.ActiveCfg = AppStore|iPhone
		{698365B0-D1C7-40F8-8270-B6FDB4D17472}.AppStore|x86.ActiveCfg = AppStore|iPhone
		{698365B0-D1C7-40F8-8270-B6FDB4D17472}.Debug|Any CPU.ActiveCfg = Debug|iPhone
		{698365B0-D1C7-40F8-8270-B6FDB4D17472}.Debug|ARM.ActiveCfg = Debug|iPhone
		{698365B0-D1C7-40F8-8270-B6FDB4D17472}.Debug|iPhone.ActiveCfg = Debug|iPhone
		{698365B0-D1C7-40F8-8270-B6FDB4D17472}.Debug|iPhone.Build.0 = Debug|iPhone
		{698365B0-D1C7-40F8-8270-B6FDB4D17472}.Debug|iPhoneSimulator.ActiveCfg = Debug|iPhoneSimulator
		{698365B0-D1C7-40F8-8270-B6FDB4D17472}.Debug|iPhoneSimulator.Build.0 = Debug|iPhoneSimulator
		{698365B0-D1C7-40F8-8270-B6FDB4D17472}.Debug|x64.ActiveCfg = Debug|iPhone
		{698365B0-D1C7-40F8-8270-B6FDB4D17472}.Debug|x86.ActiveCfg = Debug|iPhone
		{698365B0-D1C7-40F8-8270-B6FDB4D17472}.Release|Any CPU.ActiveCfg = Release|iPhone
		{698365B0-D1C7-40F8-8270-B6FDB4D17472}.Release|ARM.ActiveCfg = Release|iPhone
		{698365B0-D1C7-40F8-8270-B6FDB4D17472}.Release|iPhone.ActiveCfg = Release|iPhone
		{698365B0-D1C7-40F8-8270-B6FDB4D17472}.Release|iPhone.Build.0 = Release|iPhone
		{698365B0-D1C7-40F8-8270-B6FDB4D17472}.Release|iPhoneSimulator.ActiveCfg = Release|iPhoneSimulator
		{698365B0-D1C7-40F8-8270-B6FDB4D17472}.Release|iPhoneSimulator.Build.0 = Release|iPhoneSimulator
		{698365B0-D1C7-40F8-8270-B6FDB4D17472}.Release|x64.ActiveCfg = Release|iPhone
		{698365B0-D1C7-40F8-8270-B6FDB4D17472}.Release|x86.ActiveCfg = Release|iPhone
	EndGlobalSection
	GlobalSection(SolutionProperties) = preSolution
		HideSolutionNode = FALSE
	EndGlobalSection
EndGlobal
